
Microsoft Visual Studio Solution File, Format Version 12.00
# Visual Studio Version 17
VisualStudioVersion = 17.0.32014.148
MinimumVisualStudioVersion = 10.0.40219.1
Project("{778DAE3C-4631-46EA-AA77-85C1314464D9}") = "LeapDesk", "Homeshell Desktop Enviorment for Windows\LeapDesk.vbproj", "{05AA9CC8-13E4-4CA0-969E-07C77EA6ACB4}"
EndProject
Project("{778DAE3C-4631-46EA-AA77-85C1314464D9}") = "LeapBar", "homeshell.core.main\LeapBar.vbproj", "{94AF532E-7EFD-41AC-94F9-924158E308BF}"
EndProject
Project("{778DAE3C-4631-46EA-AA77-85C1314464D9}") = "Leap DataWorks", "TData\Leap DataWorks.vbproj", "{00B652CC-A856-44C0-AB13-E9C0B1B98BFA}"
EndProject
Project("{778DAE3C-4631-46EA-AA77-85C1314464D9}") = "Leap DocWorks", "TWrite\Leap DocWorks.vbproj", "{A6F09BE4-7BF9-4F22-A89C-90CDD7722CB5}"
EndProject
Project("{778DAE3C-4631-46EA-AA77-85C1314464D9}") = "T1LeapLocalSecure", "T1LeapLocalSecure\T1LeapLocalSecure.vbproj", "{0A9FFEBE-D70C-4A34-A715-3A32838BA43A}"
EndProject
Project("{2150E333-8FDC-42A3-9474-1A3956D46DE8}") = "Solution Items", "Solution Items", "{79D6AA5B-AA28-42D8-B394-CA6DF2B7CB4D}"
	ProjectSection(SolutionItems) = preProject
		.editorconfig = .editorconfig
	EndProjectSection
EndProject
Global
	GlobalSection(SolutionConfigurationPlatforms) = preSolution
		Debug|Any CPU = Debug|Any CPU
		Debug|x64 = Debug|x64
		Debug|x86 = Debug|x86
		Release|Any CPU = Release|Any CPU
		Release|x64 = Release|x64
		Release|x86 = Release|x86
	EndGlobalSection
	GlobalSection(ProjectConfigurationPlatforms) = postSolution
		{05AA9CC8-13E4-4CA0-969E-07C77EA6ACB4}.Debug|Any CPU.ActiveCfg = Debug|Any CPU
		{05AA9CC8-13E4-4CA0-969E-07C77EA6ACB4}.Debug|Any CPU.Build.0 = Debug|Any CPU
		{05AA9CC8-13E4-4CA0-969E-07C77EA6ACB4}.Debug|x64.ActiveCfg = Debug|x64
		{05AA9CC8-13E4-4CA0-969E-07C77EA6ACB4}.Debug|x64.Build.0 = Debug|x64
		{05AA9CC8-13E4-4CA0-969E-07C77EA6ACB4}.Debug|x86.ActiveCfg = Debug|x86
		{05AA9CC8-13E4-4CA0-969E-07C77EA6ACB4}.Debug|x86.Build.0 = Debug|x86
		{05AA9CC8-13E4-4CA0-969E-07C77EA6ACB4}.Release|Any CPU.ActiveCfg = Release|Any CPU
		{05AA9CC8-13E4-4CA0-969E-07C77EA6ACB4}.Release|Any CPU.Build.0 = Release|Any CPU
		{05AA9CC8-13E4-4CA0-969E-07C77EA6ACB4}.Release|x64.ActiveCfg = Release|x64
		{05AA9CC8-13E4-4CA0-969E-07C77EA6ACB4}.Release|x64.Build.0 = Release|x64
		{05AA9CC8-13E4-4CA0-969E-07C77EA6ACB4}.Release|x86.ActiveCfg = Release|x86
		{05AA9CC8-13E4-4CA0-969E-07C77EA6ACB4}.Release|x86.Build.0 = Release|x86
		{94AF532E-7EFD-41AC-94F9-924158E308BF}.Debug|Any CPU.ActiveCfg = Debug|Any CPU
		{94AF532E-7EFD-41AC-94F9-924158E308BF}.Debug|Any CPU.Build.0 = Debug|Any CPU
		{94AF532E-7EFD-41AC-94F9-924158E308BF}.Debug|x64.ActiveCfg = Debug|Any CPU
		{94AF532E-7EFD-41AC-94F9-924158E308BF}.Debug|x64.Build.0 = Debug|Any CPU
		{94AF532E-7EFD-41AC-94F9-924158E308BF}.Debug|x86.ActiveCfg = Debug|Any CPU
		{94AF532E-7EFD-41AC-94F9-924158E308BF}.Debug|x86.Build.0 = Debug|Any CPU
		{94AF532E-7EFD-41AC-94F9-924158E308BF}.Release|Any CPU.ActiveCfg = Release|Any CPU
		{94AF532E-7EFD-41AC-94F9-924158E308BF}.Release|Any CPU.Build.0 = Release|Any CPU
		{94AF532E-7EFD-41AC-94F9-924158E308BF}.Release|x64.ActiveCfg = Release|Any CPU
		{94AF532E-7EFD-41AC-94F9-924158E308BF}.Release|x64.Build.0 = Release|Any CPU
		{94AF532E-7EFD-41AC-94F9-924158E308BF}.Release|x86.ActiveCfg = Release|Any CPU
		{94AF532E-7EFD-41AC-94F9-924158E308BF}.Release|x86.Build.0 = Release|Any CPU
		{00B652CC-A856-44C0-AB13-E9C0B1B98BFA}.Debug|Any CPU.ActiveCfg = Debug|Any CPU
		{00B652CC-A856-44C0-AB13-E9C0B1B98BFA}.Debug|Any CPU.Build.0 = Debug|Any CPU
		{00B652CC-A856-44C0-AB13-E9C0B1B98BFA}.Debug|x64.ActiveCfg = Debug|Any CPU
		{00B652CC-A856-44C0-AB13-E9C0B1B98BFA}.Debug|x64.Build.0 = Debug|Any CPU
		{00B652CC-A856-44C0-AB13-E9C0B1B98BFA}.Debug|x86.ActiveCfg = Debug|Any CPU
		{00B652CC-A856-44C0-AB13-E9C0B1B98BFA}.Debug|x86.Build.0 = Debug|Any CPU
		{00B652CC-A856-44C0-AB13-E9C0B1B98BFA}.Release|Any CPU.ActiveCfg = Release|Any CPU
		{00B652CC-A856-44C0-AB13-E9C0B1B98BFA}.Release|Any CPU.Build.0 = Release|Any CPU
		{00B652CC-A856-44C0-AB13-E9C0B1B98BFA}.Release|x64.ActiveCfg = Release|Any CPU
		{00B652CC-A856-44C0-AB13-E9C0B1B98BFA}.Release|x64.Build.0 = Release|Any CPU
		{00B652CC-A856-44C0-AB13-E9C0B1B98BFA}.Release|x86.ActiveCfg = Release|Any CPU
		{00B652CC-A856-44C0-AB13-E9C0B1B98BFA}.Release|x86.Build.0 = Release|Any CPU
		{A6F09BE4-7BF9-4F22-A89C-90CDD7722CB5}.Debug|Any CPU.ActiveCfg = Debug|Any CPU
		{A6F09BE4-7BF9-4F22-A89C-90CDD7722CB5}.Debug|Any CPU.Build.0 = Debug|Any CPU
		{A6F09BE4-7BF9-4F22-A89C-90CDD7722CB5}.Debug|x64.ActiveCfg = Debug|Any CPU
		{A6F09BE4-7BF9-4F22-A89C-90CDD7722CB5}.Debug|x64.Build.0 = Debug|Any CPU
		{A6F09BE4-7BF9-4F22-A89C-90CDD7722CB5}.Debug|x86.ActiveCfg = Debug|Any CPU
		{A6F09BE4-7BF9-4F22-A89C-90CDD7722CB5}.Debug|x86.Build.0 = Debug|Any CPU
		{A6F09BE4-7BF9-4F22-A89C-90CDD7722CB5}.Release|Any CPU.ActiveCfg = Release|Any CPU
		{A6F09BE4-7BF9-4F22-A89C-90CDD7722CB5}.Release|Any CPU.Build.0 = Release|Any CPU
		{A6F09BE4-7BF9-4F22-A89C-90CDD7722CB5}.Release|x64.ActiveCfg = Release|Any CPU
		{A6F09BE4-7BF9-4F22-A89C-90CDD7722CB5}.Release|x64.Build.0 = Release|Any CPU
		{A6F09BE4-7BF9-4F22-A89C-90CDD7722CB5}.Release|x86.ActiveCfg = Release|Any CPU
		{A6F09BE4-7BF9-4F22-A89C-90CDD7722CB5}.Release|x86.Build.0 = Release|Any CPU
		{0A9FFEBE-D70C-4A34-A715-3A32838BA43A}.Debug|Any CPU.ActiveCfg = Debug|Any CPU
		{0A9FFEBE-D70C-4A34-A715-3A32838BA43A}.Debug|Any CPU.Build.0 = Debug|Any CPU
		{0A9FFEBE-D70C-4A34-A715-3A32838BA43A}.Debug|x64.ActiveCfg = Debug|Any CPU
		{0A9FFEBE-D70C-4A34-A715-3A32838BA43A}.Debug|x64.Build.0 = Debug|Any CPU
		{0A9FFEBE-D70C-4A34-A715-3A32838BA43A}.Debug|x86.ActiveCfg = Debug|Any CPU
		{0A9FFEBE-D70C-4A34-A715-3A32838BA43A}.Debug|x86.Build.0 = Debug|Any CPU
		{0A9FFEBE-D70C-4A34-A715-3A32838BA43A}.Release|Any CPU.ActiveCfg = Release|Any CPU
		{0A9FFEBE-D70C-4A34-A715-3A32838BA43A}.Release|Any CPU.Build.0 = Release|Any CPU
		{0A9FFEBE-D70C-4A34-A715-3A32838BA43A}.Release|x64.ActiveCfg = Release|Any CPU
		{0A9FFEBE-D70C-4A34-A715-3A32838BA43A}.Release|x64.Build.0 = Release|Any CPU
		{0A9FFEBE-D70C-4A34-A715-3A32838BA43A}.Release|x86.ActiveCfg = Release|Any CPU
		{0A9FFEBE-D70C-4A34-A715-3A32838BA43A}.Release|x86.Build.0 = Release|Any CPU
	EndGlobalSection
	GlobalSection(SolutionProperties) = preSolution
		HideSolutionNode = FALSE
	EndGlobalSection
	GlobalSection(ExtensibilityGlobals) = postSolution
		SolutionGuid = {61CB7F3C-6571-4137-BD6C-455C28B4FF1F}
	EndGlobalSection
EndGlobal
